
Microsoft Visual Studio Solution File, Format Version 12.00
# Visual Studio Version 17
VisualStudioVersion = 17.10.34928.147
MinimumVisualStudioVersion = 10.0.40219.1
Project("{FAE04EC0-301F-11D3-BF4B-00C04F79EFBC}") = "WebAPI", "WebAPI\WebAPI.csproj", "{9723ECDA-5C5F-4998-A852-36BFA8BC8091}"
EndProject
Project("{2150E333-8FDC-42A3-9474-1A3956D46DE8}") = "Core", "Core", "{9E26FC34-C4ED-4264-A229-31C3A06AC5BE}"
EndProject
Project("{FAE04EC0-301F-11D3-BF4B-00C04F79EFBC}") = "Infrastructure", "Infrastructure\Infrastructure.csproj", "{9F752A63-067D-4887-88E1-B1B286C5CCFD}"
EndProject
Project("{FAE04EC0-301F-11D3-BF4B-00C04F79EFBC}") = "Application", "Application\Application.csproj", "{F8B43970-1921-4D08-8621-4E35DC8361F4}"
EndProject
Project("{FAE04EC0-301F-11D3-BF4B-00C04F79EFBC}") = "Domain", "Domain\Domain.csproj", "{9B47D574-0315-4E0B-A794-5F2CCFD65F0A}"
EndProject
Global
	GlobalSection(SolutionConfigurationPlatforms) = preSolution
		Debug|Any CPU = Debug|Any CPU
		Release|Any CPU = Release|Any CPU
	EndGlobalSection
	GlobalSection(ProjectConfigurationPlatforms) = postSolution
		{9723ECDA-5C5F-4998-A852-36BFA8BC8091}.Debug|Any CPU.ActiveCfg = Debug|Any CPU
		{9723ECDA-5C5F-4998-A852-36BFA8BC8091}.Debug|Any CPU.Build.0 = Debug|Any CPU
		{9723ECDA-5C5F-4998-A852-36BFA8BC8091}.Release|Any CPU.ActiveCfg = Release|Any CPU
		{9723ECDA-5C5F-4998-A852-36BFA8BC8091}.Release|Any CPU.Build.0 = Release|Any CPU
		{9F752A63-067D-4887-88E1-B1B286C5CCFD}.Debug|Any CPU.ActiveCfg = Debug|Any CPU
		{9F752A63-067D-4887-88E1-B1B286C5CCFD}.Debug|Any CPU.Build.0 = Debug|Any CPU
		{9F752A63-067D-4887-88E1-B1B286C5CCFD}.Release|Any CPU.ActiveCfg = Release|Any CPU
		{9F752A63-067D-4887-88E1-B1B286C5CCFD}.Release|Any CPU.Build.0 = Release|Any CPU
		{F8B43970-1921-4D08-8621-4E35DC8361F4}.Debug|Any CPU.ActiveCfg = Debug|Any CPU
		{F8B43970-1921-4D08-8621-4E35DC8361F4}.Debug|Any CPU.Build.0 = Debug|Any CPU
		{F8B43970-1921-4D08-8621-4E35DC8361F4}.Release|Any CPU.ActiveCfg = Release|Any CPU
		{F8B43970-1921-4D08-8621-4E35DC8361F4}.Release|Any CPU.Build.0 = Release|Any CPU
		{9B47D574-0315-4E0B-A794-5F2CCFD65F0A}.Debug|Any CPU.ActiveCfg = Debug|Any CPU
		{9B47D574-0315-4E0B-A794-5F2CCFD65F0A}.Debug|Any CPU.Build.0 = Debug|Any CPU
		{9B47D574-0315-4E0B-A794-5F2CCFD65F0A}.Release|Any CPU.ActiveCfg = Release|Any CPU
		{9B47D574-0315-4E0B-A794-5F2CCFD65F0A}.Release|Any CPU.Build.0 = Release|Any CPU
	EndGlobalSection
	GlobalSection(SolutionProperties) = preSolution
		HideSolutionNode = FALSE
	EndGlobalSection
	GlobalSection(NestedProjects) = preSolution
		{F8B43970-1921-4D08-8621-4E35DC8361F4} = {9E26FC34-C4ED-4264-A229-31C3A06AC5BE}
		{9B47D574-0315-4E0B-A794-5F2CCFD65F0A} = {9E26FC34-C4ED-4264-A229-31C3A06AC5BE}
	EndGlobalSection
	GlobalSection(ExtensibilityGlobals) = postSolution
		SolutionGuid = {50E54F6C-BE18-4A46-9E51-DEBDEA7A9581}
	EndGlobalSection
EndGlobal
